
Microsoft Visual Studio Solution File, Format Version 12.00
# Visual Studio Version 17
VisualStudioVersion = 17.9.34723.18
MinimumVisualStudioVersion = 10.0.40219.1
Project("{FAE04EC0-301F-11D3-BF4B-00C04F79EFBC}") = "WebApi", "WebApi\WebApi.csproj", "{1FE56589-B303-41FD-A80B-99D69206FF69}"
EndProject
Project("{FAE04EC0-301F-11D3-BF4B-00C04F79EFBC}") = "Application", "Application\Application.csproj", "{2033AA36-6559-49DD-82FF-925E1D842994}"
EndProject
Project("{FAE04EC0-301F-11D3-BF4B-00C04F79EFBC}") = "Infrastructure", "Infrastructure\Infrastructure.csproj", "{5A22E059-2143-42BF-92CB-750869B6E6B2}"
EndProject
Project("{FAE04EC0-301F-11D3-BF4B-00C04F79EFBC}") = "Domain", "Domain\Domain.csproj", "{FFF7933A-651D-4A06-AEB0-08EA450FD265}"
EndProject
Global
	GlobalSection(SolutionConfigurationPlatforms) = preSolution
		Debug|Any CPU = Debug|Any CPU
		Release|Any CPU = Release|Any CPU
	EndGlobalSection
	GlobalSection(ProjectConfigurationPlatforms) = postSolution
		{1FE56589-B303-41FD-A80B-99D69206FF69}.Debug|Any CPU.ActiveCfg = Debug|Any CPU
		{1FE56589-B303-41FD-A80B-99D69206FF69}.Debug|Any CPU.Build.0 = Debug|Any CPU
		{1FE56589-B303-41FD-A80B-99D69206FF69}.Release|Any CPU.ActiveCfg = Release|Any CPU
		{1FE56589-B303-41FD-A80B-99D69206FF69}.Release|Any CPU.Build.0 = Release|Any CPU
		{2033AA36-6559-49DD-82FF-925E1D842994}.Debug|Any CPU.ActiveCfg = Debug|Any CPU
		{2033AA36-6559-49DD-82FF-925E1D842994}.Debug|Any CPU.Build.0 = Debug|Any CPU
		{2033AA36-6559-49DD-82FF-925E1D842994}.Release|Any CPU.ActiveCfg = Release|Any CPU
		{2033AA36-6559-49DD-82FF-925E1D842994}.Release|Any CPU.Build.0 = Release|Any CPU
		{5A22E059-2143-42BF-92CB-750869B6E6B2}.Debug|Any CPU.ActiveCfg = Debug|Any CPU
		{5A22E059-2143-42BF-92CB-750869B6E6B2}.Debug|Any CPU.Build.0 = Debug|Any CPU
		{5A22E059-2143-42BF-92CB-750869B6E6B2}.Release|Any CPU.ActiveCfg = Release|Any CPU
		{5A22E059-2143-42BF-92CB-750869B6E6B2}.Release|Any CPU.Build.0 = Release|Any CPU
		{FFF7933A-651D-4A06-AEB0-08EA450FD265}.Debug|Any CPU.ActiveCfg = Debug|Any CPU
		{FFF7933A-651D-4A06-AEB0-08EA450FD265}.Debug|Any CPU.Build.0 = Debug|Any CPU
		{FFF7933A-651D-4A06-AEB0-08EA450FD265}.Release|Any CPU.ActiveCfg = Release|Any CPU
		{FFF7933A-651D-4A06-AEB0-08EA450FD265}.Release|Any CPU.Build.0 = Release|Any CPU
	EndGlobalSection
	GlobalSection(SolutionProperties) = preSolution
		HideSolutionNode = FALSE
	EndGlobalSection
	GlobalSection(ExtensibilityGlobals) = postSolution
		SolutionGuid = {C622BBB6-8C91-4AAB-932A-44455E051C2B}
	EndGlobalSection
EndGlobal
